// !$*UTF8*$!
{
	archiveVersion = 1;
	classes = {
	};
	objectVersion = 46;
	objects = {

/* Begin PBXBuildFile section */
		461A133F1C5FBDE6008CEFE0 /* DialView.swift in Sources */ = {isa = PBXBuildFile; fileRef = 461A133E1C5FBDE6008CEFE0 /* DialView.swift */; };
		4644A9601C61049D008E4206 /* Then.swift in Sources */ = {isa = PBXBuildFile; fileRef = 4644A95F1C61049D008E4206 /* Then.swift */; };
		46603F381C64C68D00641BF8 /* OpenSans-Regular.ttf in Resources */ = {isa = PBXBuildFile; fileRef = 46603F371C64C68D00641BF8 /* OpenSans-Regular.ttf */; };
		46603F3A1C64C98A00641BF8 /* OpenSans-Bold.ttf in Resources */ = {isa = PBXBuildFile; fileRef = 46603F391C64C98A00641BF8 /* OpenSans-Bold.ttf */; };
		468F30021C591392008D8958 /* AppDelegate.swift in Sources */ = {isa = PBXBuildFile; fileRef = 468F30011C591392008D8958 /* AppDelegate.swift */; };
		468F30041C591392008D8958 /* ViewController.swift in Sources */ = {isa = PBXBuildFile; fileRef = 468F30031C591392008D8958 /* ViewController.swift */; };
		468F30071C591392008D8958 /* Main.storyboard in Resources */ = {isa = PBXBuildFile; fileRef = 468F30051C591392008D8958 /* Main.storyboard */; };
		468F30091C591392008D8958 /* Assets.xcassets in Resources */ = {isa = PBXBuildFile; fileRef = 468F30081C591392008D8958 /* Assets.xcassets */; };
		468F300C1C591392008D8958 /* LaunchScreen.storyboard in Resources */ = {isa = PBXBuildFile; fileRef = 468F300A1C591392008D8958 /* LaunchScreen.storyboard */; };
		4692A9511C63885E004B57FB /* LEDView.swift in Sources */ = {isa = PBXBuildFile; fileRef = 4692A9501C63885E004B57FB /* LEDView.swift */; };
		46D3C0FD1C5956430093C14C /* Nuimo.swift in Sources */ = {isa = PBXBuildFile; fileRef = 46D3C0FC1C5956430093C14C /* Nuimo.swift */; };
/* End PBXBuildFile section */

/* Begin PBXFileReference section */
		461A133E1C5FBDE6008CEFE0 /* DialView.swift */ = {isa = PBXFileReference; fileEncoding = 4; lastKnownFileType = sourcecode.swift; path = DialView.swift; sourceTree = "<group>"; };
		4644A95F1C61049D008E4206 /* Then.swift */ = {isa = PBXFileReference; fileEncoding = 4; lastKnownFileType = sourcecode.swift; path = Then.swift; sourceTree = "<group>"; };
		46603F371C64C68D00641BF8 /* OpenSans-Regular.ttf */ = {isa = PBXFileReference; lastKnownFileType = file; path = "OpenSans-Regular.ttf"; sourceTree = "<group>"; };
		46603F391C64C98A00641BF8 /* OpenSans-Bold.ttf */ = {isa = PBXFileReference; lastKnownFileType = file; path = "OpenSans-Bold.ttf"; sourceTree = "<group>"; };
		468F2FFE1C591392008D8958 /* NuimoEmulator.app */ = {isa = PBXFileReference; explicitFileType = wrapper.application; includeInIndex = 0; path = NuimoEmulator.app; sourceTree = BUILT_PRODUCTS_DIR; };
		468F30011C591392008D8958 /* AppDelegate.swift */ = {isa = PBXFileReference; lastKnownFileType = sourcecode.swift; path = AppDelegate.swift; sourceTree = "<group>"; };
		468F30031C591392008D8958 /* ViewController.swift */ = {isa = PBXFileReference; lastKnownFileType = sourcecode.swift; path = ViewController.swift; sourceTree = "<group>"; };
		468F30061C591392008D8958 /* Base */ = {isa = PBXFileReference; lastKnownFileType = file.storyboard; name = Base; path = Base.lproj/Main.storyboard; sourceTree = "<group>"; };
		468F30081C591392008D8958 /* Assets.xcassets */ = {isa = PBXFileReference; lastKnownFileType = folder.assetcatalog; path = Assets.xcassets; sourceTree = "<group>"; };
		468F300B1C591392008D8958 /* Base */ = {isa = PBXFileReference; lastKnownFileType = file.storyboard; name = Base; path = Base.lproj/LaunchScreen.storyboard; sourceTree = "<group>"; };
		468F300D1C591392008D8958 /* Info.plist */ = {isa = PBXFileReference; lastKnownFileType = text.plist.xml; path = Info.plist; sourceTree = "<group>"; };
		4692A9501C63885E004B57FB /* LEDView.swift */ = {isa = PBXFileReference; fileEncoding = 4; lastKnownFileType = sourcecode.swift; path = LEDView.swift; sourceTree = "<group>"; };
		46D3C0FC1C5956430093C14C /* Nuimo.swift */ = {isa = PBXFileReference; fileEncoding = 4; lastKnownFileType = sourcecode.swift; path = Nuimo.swift; sourceTree = "<group>"; };
/* End PBXFileReference section */

/* Begin PBXFrameworksBuildPhase section */
		468F2FFB1C591391008D8958 /* Frameworks */ = {
			isa = PBXFrameworksBuildPhase;
			buildActionMask = 2147483647;
			files = (
			);
			runOnlyForDeploymentPostprocessing = 0;
		};
/* End PBXFrameworksBuildPhase section */

/* Begin PBXGroup section */
		46603F361C64C67900641BF8 /* Fonts */ = {
			isa = PBXGroup;
			children = (
				46603F391C64C98A00641BF8 /* OpenSans-Bold.ttf */,
				46603F371C64C68D00641BF8 /* OpenSans-Regular.ttf */,
			);
			path = Fonts;
			sourceTree = "<group>";
		};
		468F2FF51C591391008D8958 = {
			isa = PBXGroup;
			children = (
				468F30001C591392008D8958 /* NuimoEmulator */,
				468F2FFF1C591392008D8958 /* Products */,
			);
			sourceTree = "<group>";
		};
		468F2FFF1C591392008D8958 /* Products */ = {
			isa = PBXGroup;
			children = (
				468F2FFE1C591392008D8958 /* NuimoEmulator.app */,
			);
			name = Products;
			sourceTree = "<group>";
		};
		468F30001C591392008D8958 /* NuimoEmulator */ = {
			isa = PBXGroup;
			children = (
				468F30011C591392008D8958 /* AppDelegate.swift */,
				461A133E1C5FBDE6008CEFE0 /* DialView.swift */,
				4692A9501C63885E004B57FB /* LEDView.swift */,
				46D3C0FC1C5956430093C14C /* Nuimo.swift */,
				4644A95F1C61049D008E4206 /* Then.swift */,
				468F30031C591392008D8958 /* ViewController.swift */,
				468F30081C591392008D8958 /* Assets.xcassets */,
				468F30051C591392008D8958 /* Main.storyboard */,
				468F300D1C591392008D8958 /* Info.plist */,
				468F300A1C591392008D8958 /* LaunchScreen.storyboard */,
				46603F361C64C67900641BF8 /* Fonts */,
			);
			path = NuimoEmulator;
			sourceTree = "<group>";
		};
/* End PBXGroup section */

/* Begin PBXNativeTarget section */
		468F2FFD1C591391008D8958 /* NuimoEmulator */ = {
			isa = PBXNativeTarget;
			buildConfigurationList = 468F30101C591392008D8958 /* Build configuration list for PBXNativeTarget "NuimoEmulator" */;
			buildPhases = (
				468F2FFA1C591391008D8958 /* Sources */,
				468F2FFB1C591391008D8958 /* Frameworks */,
				468F2FFC1C591391008D8958 /* Resources */,
			);
			buildRules = (
			);
			dependencies = (
			);
			name = NuimoEmulator;
			productName = NuimoSimulator;
			productReference = 468F2FFE1C591392008D8958 /* NuimoEmulator.app */;
			productType = "com.apple.product-type.application";
		};
/* End PBXNativeTarget section */

/* Begin PBXProject section */
		468F2FF61C591391008D8958 /* Project object */ = {
			isa = PBXProject;
			attributes = {
				LastSwiftUpdateCheck = 0720;
				LastUpgradeCheck = 0720;
				ORGANIZATIONNAME = "Senic GmbH";
				TargetAttributes = {
					468F2FFD1C591391008D8958 = {
						CreatedOnToolsVersion = 7.2;
						DevelopmentTeam = 326587HQT3;
					};
				};
			};
			buildConfigurationList = 468F2FF91C591391008D8958 /* Build configuration list for PBXProject "NuimoEmulator" */;
			compatibilityVersion = "Xcode 3.2";
			developmentRegion = English;
			hasScannedForEncodings = 0;
			knownRegions = (
				en,
				Base,
			);
			mainGroup = 468F2FF51C591391008D8958;
			productRefGroup = 468F2FFF1C591392008D8958 /* Products */;
			projectDirPath = "";
			projectRoot = "";
			targets = (
				468F2FFD1C591391008D8958 /* NuimoEmulator */,
			);
		};
/* End PBXProject section */

/* Begin PBXResourcesBuildPhase section */
		468F2FFC1C591391008D8958 /* Resources */ = {
			isa = PBXResourcesBuildPhase;
			buildActionMask = 2147483647;
			files = (
				468F300C1C591392008D8958 /* LaunchScreen.storyboard in Resources */,
				468F30091C591392008D8958 /* Assets.xcassets in Resources */,
				46603F381C64C68D00641BF8 /* OpenSans-Regular.ttf in Resources */,
				46603F3A1C64C98A00641BF8 /* OpenSans-Bold.ttf in Resources */,
				468F30071C591392008D8958 /* Main.storyboard in Resources */,
			);
			runOnlyForDeploymentPostprocessing = 0;
		};
/* End PBXResourcesBuildPhase section */

/* Begin PBXSourcesBuildPhase section */
		468F2FFA1C591391008D8958 /* Sources */ = {
			isa = PBXSourcesBuildPhase;
			buildActionMask = 2147483647;
			files = (
				461A133F1C5FBDE6008CEFE0 /* DialView.swift in Sources */,
				468F30041C591392008D8958 /* ViewController.swift in Sources */,
				4692A9511C63885E004B57FB /* LEDView.swift in Sources */,
				468F30021C591392008D8958 /* AppDelegate.swift in Sources */,
				4644A9601C61049D008E4206 /* Then.swift in Sources */,
				46D3C0FD1C5956430093C14C /* Nuimo.swift in Sources */,
			);
			runOnlyForDeploymentPostprocessing = 0;
		};
/* End PBXSourcesBuildPhase section */

/* Begin PBXVariantGroup section */
		468F30051C591392008D8958 /* Main.storyboard */ = {
			isa = PBXVariantGroup;
			children = (
				468F30061C591392008D8958 /* Base */,
			);
			name = Main.storyboard;
			sourceTree = "<group>";
		};
		468F300A1C591392008D8958 /* LaunchScreen.storyboard */ = {
			isa = PBXVariantGroup;
			children = (
				468F300B1C591392008D8958 /* Base */,
			);
			name = LaunchScreen.storyboard;
			sourceTree = "<group>";
		};
/* End PBXVariantGroup section */

/* Begin XCBuildConfiguration section */
		468F300E1C591392008D8958 /* Debug */ = {
			isa = XCBuildConfiguration;
			buildSettings = {
				ALWAYS_SEARCH_USER_PATHS = NO;
				CLANG_CXX_LANGUAGE_STANDARD = "gnu++0x";
				CLANG_CXX_LIBRARY = "libc++";
				CLANG_ENABLE_MODULES = YES;
				CLANG_ENABLE_OBJC_ARC = YES;
				CLANG_WARN_BOOL_CONVERSION = YES;
				CLANG_WARN_CONSTANT_CONVERSION = YES;
				CLANG_WARN_DIRECT_OBJC_ISA_USAGE = YES_ERROR;
				CLANG_WARN_EMPTY_BODY = YES;
				CLANG_WARN_ENUM_CONVERSION = YES;
				CLANG_WARN_INT_CONVERSION = YES;
				CLANG_WARN_OBJC_ROOT_CLASS = YES_ERROR;
				CLANG_WARN_UNREACHABLE_CODE = YES;
				CLANG_WARN__DUPLICATE_METHOD_MATCH = YES;
				"CODE_SIGN_IDENTITY[sdk=iphoneos*]" = "iPhone Developer";
				COPY_PHASE_STRIP = NO;
				DEBUG_INFORMATION_FORMAT = dwarf;
				ENABLE_STRICT_OBJC_MSGSEND = YES;
				ENABLE_TESTABILITY = YES;
				GCC_C_LANGUAGE_STANDARD = gnu99;
				GCC_DYNAMIC_NO_PIC = NO;
				GCC_NO_COMMON_BLOCKS = YES;
				GCC_OPTIMIZATION_LEVEL = 0;
				GCC_PREPROCESSOR_DEFINITIONS = (
					"DEBUG=1",
					"$(inherited)",
				);
				GCC_WARN_64_TO_32_BIT_CONVERSION = YES;
				GCC_WARN_ABOUT_RETURN_TYPE = YES_ERROR;
				GCC_WARN_UNDECLARED_SELECTOR = YES;
				GCC_WARN_UNINITIALIZED_AUTOS = YES_AGGRESSIVE;
				GCC_WARN_UNUSED_FUNCTION = YES;
				GCC_WARN_UNUSED_VARIABLE = YES;
				IPHONEOS_DEPLOYMENT_TARGET = 8.0;
				MTL_ENABLE_DEBUG_INFO = YES;
				ONLY_ACTIVE_ARCH = YES;
				SDKROOT = iphoneos;
				SWIFT_OPTIMIZATION_LEVEL = "-Onone";
				TARGETED_DEVICE_FAMILY = "1,2";
			};
			name = Debug;
		};
		468F300F1C591392008D8958 /* Release */ = {
			isa = XCBuildConfiguration;
			buildSettings = {
				ALWAYS_SEARCH_USER_PATHS = NO;
				CLANG_CXX_LANGUAGE_STANDARD = "gnu++0x";
				CLANG_CXX_LIBRARY = "libc++";
				CLANG_ENABLE_MODULES = YES;
				CLANG_ENABLE_OBJC_ARC = YES;
				CLANG_WARN_BOOL_CONVERSION = YES;
				CLANG_WARN_CONSTANT_CONVERSION = YES;
				CLANG_WARN_DIRECT_OBJC_ISA_USAGE = YES_ERROR;
				CLANG_WARN_EMPTY_BODY = YES;
				CLANG_WARN_ENUM_CONVERSION = YES;
				CLANG_WARN_INT_CONVERSION = YES;
				CLANG_WARN_OBJC_ROOT_CLASS = YES_ERROR;
				CLANG_WARN_UNREACHABLE_CODE = YES;
				CLANG_WARN__DUPLICATE_METHOD_MATCH = YES;
				"CODE_SIGN_IDENTITY[sdk=iphoneos*]" = "iPhone Developer";
				COPY_PHASE_STRIP = NO;
				DEBUG_INFORMATION_FORMAT = "dwarf-with-dsym";
				ENABLE_NS_ASSERTIONS = NO;
				ENABLE_STRICT_OBJC_MSGSEND = YES;
				GCC_C_LANGUAGE_STANDARD = gnu99;
				GCC_NO_COMMON_BLOCKS = YES;
				GCC_WARN_64_TO_32_BIT_CONVERSION = YES;
				GCC_WARN_ABOUT_RETURN_TYPE = YES_ERROR;
				GCC_WARN_UNDECLARED_SELECTOR = YES;
				GCC_WARN_UNINITIALIZED_AUTOS = YES_AGGRESSIVE;
				GCC_WARN_UNUSED_FUNCTION = YES;
				GCC_WARN_UNUSED_VARIABLE = YES;
				IPHONEOS_DEPLOYMENT_TARGET = 8.0;
				MTL_ENABLE_DEBUG_INFO = NO;
				SDKROOT = iphoneos;
				TARGETED_DEVICE_FAMILY = "1,2";
				VALIDATE_PRODUCT = YES;
			};
			name = Release;
		};
		468F30111C591392008D8958 /* Debug */ = {
			isa = XCBuildConfiguration;
			buildSettings = {
				ASSETCATALOG_COMPILER_APPICON_NAME = AppIcon;
				CODE_SIGN_IDENTITY = "iPhone Developer";
				INFOPLIST_FILE = "$(SRCROOT)/NuimoEmulator/Info.plist";
				LD_RUNPATH_SEARCH_PATHS = "$(inherited) @executable_path/Frameworks";
				PRODUCT_BUNDLE_IDENTIFIER = com.senic.nuimoemulator;
				PRODUCT_NAME = NuimoEmulator;
			};
			name = Debug;
		};
		468F30121C591392008D8958 /* Release */ = {
			isa = XCBuildConfiguration;
			buildSettings = {
				ASSETCATALOG_COMPILER_APPICON_NAME = AppIcon;
				CODE_SIGN_IDENTITY = "iPhone Developer";
				INFOPLIST_FILE = "$(SRCROOT)/NuimoEmulator/Info.plist";
				LD_RUNPATH_SEARCH_PATHS = "$(inherited) @executable_path/Frameworks";
				PRODUCT_BUNDLE_IDENTIFIER = com.senic.nuimoemulator;
				PRODUCT_NAME = NuimoEmulator;
			};
			name = Release;
		};
/* End XCBuildConfiguration section */

/* Begin XCConfigurationList section */
		468F2FF91C591391008D8958 /* Build configuration list for PBXProject "NuimoEmulator" */ = {
			isa = XCConfigurationList;
			buildConfigurations = (
				468F300E1C591392008D8958 /* Debug */,
				468F300F1C591392008D8958 /* Release */,
			);
			defaultConfigurationIsVisible = 0;
			defaultConfigurationName = Release;
		};
		468F30101C591392008D8958 /* Build configuration list for PBXNativeTarget "NuimoEmulator" */ = {
			isa = XCConfigurationList;
			buildConfigurations = (
				468F30111C591392008D8958 /* Debug */,
				468F30121C591392008D8958 /* Release */,
			);
			defaultConfigurationIsVisible = 0;
			defaultConfigurationName = Release;
		};
/* End XCConfigurationList section */
	};
	rootObject = 468F2FF61C591391008D8958 /* Project object */;
}
